# This file is generated by running "yarn install" inside your project.
# Manual changes might be lost - proceed with caution!

__metadata:
  version: 7
  cacheKey: 9

"@tsconfig/node17@npm:^1.0.2":
  version: 1.0.2
  resolution: "@tsconfig/node17@npm:1.0.2"
  checksum: 51f6170b9e62a098dfa8678445eff7858ac69edbe900cea3596eedcda65f16bafbd7658da82cfb04c4f1f88fc9d48544d2b48605b3a2bd896f6449d7c3ddb5f8
  languageName: node
  linkType: hard

"@types/node@npm:^18.15.11":
  version: 18.15.11
  resolution: "@types/node@npm:18.15.11"
  checksum: 2ad6c7aeb0841a821d5f0556ccbc9c0cec597cb31b5fe58b085740983f6b01a21a3c62c37ca642dd92b5de8935d6084896634af19f1f022e8d173049ad258a60
  languageName: node
  linkType: hard

"typescript@npm:^5.0.3":
  version: 5.0.3
  resolution: "typescript@npm:5.0.3"
  bin:
    tsc: bin/tsc
    tsserver: bin/tsserver
  checksum: 45ee631503499861d77d7a7b1d49fb5c62ae6bb5a99cdf5110f3e21c627397f5f76cf3d67ee0b223a33cfad469ea18de7650cab7a529b1376f5218a27b81671e
  languageName: node
  linkType: hard

"typescript@patch:typescript@npm%3A^5.0.3#optional!builtin<compat/typescript>":
  version: 5.0.3
  resolution: "typescript@patch:typescript@npm%3A5.0.3#optional!builtin<compat/typescript>::version=5.0.3&hash=b5f058"
  bin:
    tsc: bin/tsc
    tsserver: bin/tsserver
  checksum: 66967b1418927f8c780bcec443e6e1572d0c88314e3b45797d22bffc8981b3c8e687a37f24bcad00e2d349722df225e758678559e810a6673f4773b8f44eb5d2
  languageName: node
  linkType: hard

"ultimate-node-stack@workspace:.":
  version: 0.0.0-use.local
  resolution: "ultimate-node-stack@workspace:."
  dependencies:
    "@tsconfig/node17": "npm:^1.0.2"
    "@types/node": "npm:^18.15.11"
    typescript: "npm:^5.0.3"
  languageName: unknown
  linkType: soft
